
Microsoft Visual Studio Solution File, Format Version 12.00
# Visual Studio Version 17
VisualStudioVersion = 17.3.32819.101
MinimumVisualStudioVersion = 10.0.40219.1
Project("{FAE04EC0-301F-11D3-BF4B-00C04F79EFBC}") = "Client", "IrisV2\Client.csproj", "{A20218EA-2F2D-4464-BBED-B47D54386E8D}"
EndProject
Project("{FAE04EC0-301F-11D3-BF4B-00C04F79EFBC}") = "Server", "Server\Server.csproj", "{8959760A-E053-4463-8278-6544FFB3FC1F}"
EndProject
Global
	GlobalSection(SolutionConfigurationPlatforms) = preSolution
		Debug|Any CPU = Debug|Any CPU
		Release|Any CPU = Release|Any CPU
	EndGlobalSection
	GlobalSection(ProjectConfigurationPlatforms) = postSolution
		{A20218EA-2F2D-4464-BBED-B47D54386E8D}.Debug|Any CPU.ActiveCfg = Debug|Any CPU
		{A20218EA-2F2D-4464-BBED-B47D54386E8D}.Debug|Any CPU.Build.0 = Debug|Any CPU
		{A20218EA-2F2D-4464-BBED-B47D54386E8D}.Release|Any CPU.ActiveCfg = Release|Any CPU
		{A20218EA-2F2D-4464-BBED-B47D54386E8D}.Release|Any CPU.Build.0 = Release|Any CPU
		{8959760A-E053-4463-8278-6544FFB3FC1F}.Debug|Any CPU.ActiveCfg = Debug|Any CPU
		{8959760A-E053-4463-8278-6544FFB3FC1F}.Debug|Any CPU.Build.0 = Debug|Any CPU
		{8959760A-E053-4463-8278-6544FFB3FC1F}.Release|Any CPU.ActiveCfg = Release|Any CPU
		{8959760A-E053-4463-8278-6544FFB3FC1F}.Release|Any CPU.Build.0 = Release|Any CPU
	EndGlobalSection
	GlobalSection(SolutionProperties) = preSolution
		HideSolutionNode = FALSE
	EndGlobalSection
	GlobalSection(ExtensibilityGlobals) = postSolution
		SolutionGuid = {6FDBB493-00D8-4B76-AD68-AD325A04975A}
	EndGlobalSection
EndGlobal
